{
  "nodes": {
    "anakron": {
      "inputs": {
        "bited-utils": "bited-utils",
        "nixpkgs": "nixpkgs",
        "utils": "utils_2"
      },
      "locked": {
        "lastModified": 1737578342,
        "narHash": "sha256-l/PPZDgTLFSXS5KX44y1MmazfT9SZ/a9Sza7W0ooBOI=",
        "owner": "molarmanful",
        "repo": "ANAKRON",
        "rev": "8a9032a5cc76d4ad5332e34c02a3bb9155ba1f24",
        "type": "github"
      },
      "original": {
        "owner": "molarmanful",
        "repo": "ANAKRON",
        "type": "github"
      }
    },
    "bited-utils": {
      "inputs": {
        "nixpkgs": [
          "anakron",
          "nixpkgs"
        ],
        "utils": "utils"
      },
      "locked": {
        "lastModified": 1737493686,
        "narHash": "sha256-BGQu0NizyFfRfEeJ9UU5dB42vlu5w0aRmvW5XSOYaLo=",
        "owner": "molarmanful",
        "repo": "bited-utils",
        "rev": "240a402be9a58ba5d309200745bcad45d5e9b535",
        "type": "github"
      },
      "original": {
        "owner": "molarmanful",
        "repo": "bited-utils",
        "type": "github"
      }
    },
    "bited-utils_2": {
      "inputs": {
        "nixpkgs": [
          "kirsch",
          "nixpkgs"
        ],
        "utils": "utils_3"
      },
      "locked": {
        "lastModified": 1736839688,
        "narHash": "sha256-pCWIOVTxespik6I7PnIiLZuEbhxgQOJnxIp1nqEcpYI=",
        "owner": "molarmanful",
        "repo": "bited-utils",
        "rev": "3c16505d89b052a9686595da2c2f16650e0184e3",
        "type": "github"
      },
      "original": {
        "owner": "molarmanful",
        "repo": "bited-utils",
        "type": "github"
      }
    },
    "flake-compat": {
      "flake": false,
      "locked": {
        "lastModified": 1733328505,
        "narHash": "sha256-NeCCThCEP3eCl2l/+27kNNK7QrwZB1IJCrXfrbv5oqU=",
        "owner": "edolstra",
        "repo": "flake-compat",
        "rev": "ff81ac966bb2cae68946d5ed5fc4994f96d0ffec",
        "type": "github"
      },
      "original": {
        "owner": "edolstra",
        "repo": "flake-compat",
        "type": "github"
      }
    },
    "home-manager": {
      "inputs": {
        "nixpkgs": [
          "nixpkgs"
        ]
      },
      "locked": {
        "lastModified": 1736373539,
        "narHash": "sha256-dinzAqCjenWDxuy+MqUQq0I4zUSfaCvN9rzuCmgMZJY=",
        "owner": "nix-community",
        "repo": "home-manager",
        "rev": "bd65bc3cde04c16755955630b344bc9e35272c56",
        "type": "github"
      },
      "original": {
        "owner": "nix-community",
        "ref": "release-24.11",
        "repo": "home-manager",
        "type": "github"
      }
    },
    "kirsch": {
      "inputs": {
        "bited-utils": "bited-utils_2",
        "nixpkgs": "nixpkgs_2",
        "utils": "utils_4"
      },
      "locked": {
        "lastModified": 1736840156,
        "narHash": "sha256-d8sRKYwQ26bh+aFKpKGk3UglcMe9EhR5AVMzkoU1SBg=",
        "owner": "molarmanful",
        "repo": "kirsch",
        "rev": "2e89ec91d0f0232da4a869f98af09473dbd5b880",
        "type": "github"
      },
      "original": {
        "owner": "molarmanful",
        "repo": "kirsch",
        "type": "github"
      }
    },
    "nixCats": {
      "locked": {
        "lastModified": 1735395058,
        "narHash": "sha256-/SqVdchMmzcDJhGoZnTQDtGF+MnVh5cAWa06b6swG7E=",
        "owner": "BirdeeHub",
        "repo": "nixCats-nvim",
        "rev": "3f3f3e9ea4e9b69735e06a757eca19ce06a25f80",
        "type": "github"
      },
      "original": {
        "owner": "BirdeeHub",
        "repo": "nixCats-nvim",
        "type": "github"
      }
    },
    "nixos-wsl": {
      "inputs": {
        "flake-compat": "flake-compat",
        "nixpkgs": "nixpkgs_3"
      },
      "locked": {
        "lastModified": 1736095716,
        "narHash": "sha256-csysw/Szu98QDiA2lhWk9seYOyCebeVEWL89zh1cduM=",
        "owner": "nix-community",
        "repo": "NixOS-WSL",
        "rev": "63c3b4ed1712a3a0621002cd59bfdc80875ecbb0",
        "type": "github"
      },
      "original": {
        "owner": "nix-community",
        "ref": "main",
        "repo": "NixOS-WSL",
        "type": "github"
      }
    },
    "nixpkgs": {
      "locked": {
        "lastModified": 1737062831,
        "narHash": "sha256-Tbk1MZbtV2s5aG+iM99U8FqwxU/YNArMcWAv6clcsBc=",
        "owner": "NixOS",
        "repo": "nixpkgs",
        "rev": "5df43628fdf08d642be8ba5b3625a6c70731c19c",
        "type": "github"
      },
      "original": {
        "id": "nixpkgs",
        "ref": "nixos-unstable",
        "type": "indirect"
      }
    },
    "nixpkgs_2": {
      "locked": {
        "lastModified": 1736701207,
        "narHash": "sha256-jG/+MvjVY7SlTakzZ2fJ5dC3V1PrKKrUEOEE30jrOKA=",
        "owner": "NixOS",
        "repo": "nixpkgs",
        "rev": "ed4a395ea001367c1f13d34b1e01aa10290f67d6",
        "type": "github"
      },
      "original": {
        "id": "nixpkgs",
        "ref": "nixos-unstable",
        "type": "indirect"
      }
    },
    "nixpkgs_3": {
      "locked": {
        "lastModified": 1733384649,
        "narHash": "sha256-K5DJ2LpPqht7K76bsxetI+YHhGGRyVteTPRQaIIKJpw=",
        "owner": "NixOS",
        "repo": "nixpkgs",
        "rev": "190c31a89e5eec80dd6604d7f9e5af3802a58a13",
        "type": "github"
      },
      "original": {
        "owner": "NixOS",
        "ref": "nixos-24.05",
        "repo": "nixpkgs",
        "type": "github"
      }
    },
    "nixpkgs_4": {
      "locked": {
        "lastModified": 1736684107,
        "narHash": "sha256-vH5mXxEvZeoGNkqKoCluhTGfoeXCZ1seYhC2pbMN0sg=",
        "owner": "NixOS",
        "repo": "nixpkgs",
        "rev": "635e887b48521e912a516625eee7df6cf0eba9c1",
        "type": "github"
      },
      "original": {
        "owner": "NixOS",
        "ref": "nixos-24.11",
        "repo": "nixpkgs",
        "type": "github"
      }
    },
    "root": {
      "inputs": {
        "anakron": "anakron",
        "home-manager": "home-manager",
        "kirsch": "kirsch",
        "nixCats": "nixCats",
        "nixos-wsl": "nixos-wsl",
        "nixpkgs": "nixpkgs_4"
      }
    },
    "systems": {
      "locked": {
        "lastModified": 1681028828,
        "narHash": "sha256-Vy1rq5AaRuLzOxct8nz4T6wlgyUR7zLU309k9mBC768=",
        "owner": "nix-systems",
        "repo": "default",
        "rev": "da67096a3b9bf56a91d16901293e51ba5b49a27e",
        "type": "github"
      },
      "original": {
        "owner": "nix-systems",
        "repo": "default",
        "type": "github"
      }
    },
    "systems_2": {
      "locked": {
        "lastModified": 1681028828,
        "narHash": "sha256-Vy1rq5AaRuLzOxct8nz4T6wlgyUR7zLU309k9mBC768=",
        "owner": "nix-systems",
        "repo": "default",
        "rev": "da67096a3b9bf56a91d16901293e51ba5b49a27e",
        "type": "github"
      },
      "original": {
        "owner": "nix-systems",
        "repo": "default",
        "type": "github"
      }
    },
    "systems_3": {
      "locked": {
        "lastModified": 1681028828,
        "narHash": "sha256-Vy1rq5AaRuLzOxct8nz4T6wlgyUR7zLU309k9mBC768=",
        "owner": "nix-systems",
        "repo": "default",
        "rev": "da67096a3b9bf56a91d16901293e51ba5b49a27e",
        "type": "github"
      },
      "original": {
        "owner": "nix-systems",
        "repo": "default",
        "type": "github"
      }
    },
    "systems_4": {
      "locked": {
        "lastModified": 1681028828,
        "narHash": "sha256-Vy1rq5AaRuLzOxct8nz4T6wlgyUR7zLU309k9mBC768=",
        "owner": "nix-systems",
        "repo": "default",
        "rev": "da67096a3b9bf56a91d16901293e51ba5b49a27e",
        "type": "github"
      },
      "original": {
        "owner": "nix-systems",
        "repo": "default",
        "type": "github"
      }
    },
    "utils": {
      "inputs": {
        "systems": "systems"
      },
      "locked": {
        "lastModified": 1731533236,
        "narHash": "sha256-l0KFg5HjrsfsO/JpG+r7fRrqm12kzFHyUHqHCVpMMbI=",
        "owner": "numtide",
        "repo": "flake-utils",
        "rev": "11707dc2f618dd54ca8739b309ec4fc024de578b",
        "type": "github"
      },
      "original": {
        "owner": "numtide",
        "repo": "flake-utils",
        "type": "github"
      }
    },
    "utils_2": {
      "inputs": {
        "systems": "systems_2"
      },
      "locked": {
        "lastModified": 1731533236,
        "narHash": "sha256-l0KFg5HjrsfsO/JpG+r7fRrqm12kzFHyUHqHCVpMMbI=",
        "owner": "numtide",
        "repo": "flake-utils",
        "rev": "11707dc2f618dd54ca8739b309ec4fc024de578b",
        "type": "github"
      },
      "original": {
        "owner": "numtide",
        "repo": "flake-utils",
        "type": "github"
      }
    },
    "utils_3": {
      "inputs": {
        "systems": "systems_3"
      },
      "locked": {
        "lastModified": 1731533236,
        "narHash": "sha256-l0KFg5HjrsfsO/JpG+r7fRrqm12kzFHyUHqHCVpMMbI=",
        "owner": "numtide",
        "repo": "flake-utils",
        "rev": "11707dc2f618dd54ca8739b309ec4fc024de578b",
        "type": "github"
      },
      "original": {
        "owner": "numtide",
        "repo": "flake-utils",
        "type": "github"
      }
    },
    "utils_4": {
      "inputs": {
        "systems": "systems_4"
      },
      "locked": {
        "lastModified": 1731533236,
        "narHash": "sha256-l0KFg5HjrsfsO/JpG+r7fRrqm12kzFHyUHqHCVpMMbI=",
        "owner": "numtide",
        "repo": "flake-utils",
        "rev": "11707dc2f618dd54ca8739b309ec4fc024de578b",
        "type": "github"
      },
      "original": {
        "owner": "numtide",
        "repo": "flake-utils",
        "type": "github"
      }
    }
  },
  "root": "root",
  "version": 7
}
